
Microsoft Visual Studio Solution File, Format Version 12.00
# Visual Studio Version 16
VisualStudioVersion = 16.0.29326.143
MinimumVisualStudioVersion = 10.0.40219.1
Project("{FAE04EC0-301F-11D3-BF4B-00C04F79EFBC}") = "EQS", "EQS.csproj", "{173CF1B9-3B02-44F4-930D-E9C73160E40D}"
EndProject
Project("{FAE04EC0-301F-11D3-BF4B-00C04F79EFBC}") = "NUnitTestEQS", "..\NUnitTestEQS\NUnitTestEQS.csproj", "{A2056FCB-62E2-4CC2-B0FE-86C0563C715F}"
EndProject
Global
	GlobalSection(SolutionConfigurationPlatforms) = preSolution
		Debug|Any CPU = Debug|Any CPU
		Release|Any CPU = Release|Any CPU
	EndGlobalSection
	GlobalSection(ProjectConfigurationPlatforms) = postSolution
		{173CF1B9-3B02-44F4-930D-E9C73160E40D}.Debug|Any CPU.ActiveCfg = Debug|Any CPU
		{173CF1B9-3B02-44F4-930D-E9C73160E40D}.Debug|Any CPU.Build.0 = Debug|Any CPU
		{173CF1B9-3B02-44F4-930D-E9C73160E40D}.Release|Any CPU.ActiveCfg = Release|Any CPU
		{173CF1B9-3B02-44F4-930D-E9C73160E40D}.Release|Any CPU.Build.0 = Release|Any CPU
		{A2056FCB-62E2-4CC2-B0FE-86C0563C715F}.Debug|Any CPU.ActiveCfg = Debug|Any CPU
		{A2056FCB-62E2-4CC2-B0FE-86C0563C715F}.Debug|Any CPU.Build.0 = Debug|Any CPU
		{A2056FCB-62E2-4CC2-B0FE-86C0563C715F}.Release|Any CPU.ActiveCfg = Release|Any CPU
		{A2056FCB-62E2-4CC2-B0FE-86C0563C715F}.Release|Any CPU.Build.0 = Release|Any CPU
	EndGlobalSection
	GlobalSection(SolutionProperties) = preSolution
		HideSolutionNode = FALSE
	EndGlobalSection
	GlobalSection(ExtensibilityGlobals) = postSolution
		SolutionGuid = {B008C560-24DE-45F1-9BB3-6F9515119F7A}
	EndGlobalSection
EndGlobal
